
Microsoft Visual Studio Solution File, Format Version 12.00
Project("{FAE04EC0-301F-11D3-BF4B-00C04F79EFBC}") = "NitelikliGenc.MVC.Admin", "NitelikliGenc.MVC.Admin\NitelikliGenc.MVC.Admin.csproj", "{1BB176B5-5CEE-4E5A-A13C-F29A4EE5C4D8}"
EndProject
Project("{FAE04EC0-301F-11D3-BF4B-00C04F79EFBC}") = "NitelikliGenc.MVC.UI", "NitelikliGenc.MVC.UI\NitelikliGenc.MVC.UI.csproj", "{02505D0E-182A-4A15-A849-AA51A623EF43}"
EndProject
Global
	GlobalSection(SolutionConfigurationPlatforms) = preSolution
		Debug|Any CPU = Debug|Any CPU
		Release|Any CPU = Release|Any CPU
	EndGlobalSection
	GlobalSection(ProjectConfigurationPlatforms) = postSolution
		{1BB176B5-5CEE-4E5A-A13C-F29A4EE5C4D8}.Debug|Any CPU.ActiveCfg = Debug|Any CPU
		{1BB176B5-5CEE-4E5A-A13C-F29A4EE5C4D8}.Debug|Any CPU.Build.0 = Debug|Any CPU
		{1BB176B5-5CEE-4E5A-A13C-F29A4EE5C4D8}.Release|Any CPU.ActiveCfg = Release|Any CPU
		{1BB176B5-5CEE-4E5A-A13C-F29A4EE5C4D8}.Release|Any CPU.Build.0 = Release|Any CPU
		{02505D0E-182A-4A15-A849-AA51A623EF43}.Debug|Any CPU.ActiveCfg = Debug|Any CPU
		{02505D0E-182A-4A15-A849-AA51A623EF43}.Debug|Any CPU.Build.0 = Debug|Any CPU
		{02505D0E-182A-4A15-A849-AA51A623EF43}.Release|Any CPU.ActiveCfg = Release|Any CPU
		{02505D0E-182A-4A15-A849-AA51A623EF43}.Release|Any CPU.Build.0 = Release|Any CPU
	EndGlobalSection
EndGlobal
